
Microsoft Visual Studio Solution File, Format Version 12.00
# Visual Studio Version 16
VisualStudioVersion = 16.0.29905.134
MinimumVisualStudioVersion = 10.0.40219.1
Project("{FAE04EC0-301F-11D3-BF4B-00C04F79EFBC}") = "01_Connection01", "01_Connection01\01_Connection01.csproj", "{6DF29189-527E-4899-837E-2BE7F4BEEB18}"
EndProject
Global
	GlobalSection(SolutionConfigurationPlatforms) = preSolution
		Debug|Any CPU = Debug|Any CPU
		Release|Any CPU = Release|Any CPU
	EndGlobalSection
	GlobalSection(ProjectConfigurationPlatforms) = postSolution
		{6DF29189-527E-4899-837E-2BE7F4BEEB18}.Debug|Any CPU.ActiveCfg = Debug|Any CPU
		{6DF29189-527E-4899-837E-2BE7F4BEEB18}.Debug|Any CPU.Build.0 = Debug|Any CPU
		{6DF29189-527E-4899-837E-2BE7F4BEEB18}.Release|Any CPU.ActiveCfg = Release|Any CPU
		{6DF29189-527E-4899-837E-2BE7F4BEEB18}.Release|Any CPU.Build.0 = Release|Any CPU
	EndGlobalSection
	GlobalSection(SolutionProperties) = preSolution
		HideSolutionNode = FALSE
	EndGlobalSection
	GlobalSection(ExtensibilityGlobals) = postSolution
		SolutionGuid = {3703300E-5BDE-4902-9651-23634711186F}
	EndGlobalSection
EndGlobal
