
Microsoft Visual Studio Solution File, Format Version 12.00
# Visual Studio Version 18
VisualStudioVersion = 18.4.11626.88
MinimumVisualStudioVersion = 10.0.40219.1
Project("{FAE04EC0-301F-11D3-BF4B-00C04F79EFBC}") = "SqlMigrationValidator.Core", "SqlMigrationValidator.Core\SqlMigrationValidator.Core.csproj", "{73D3DF1E-A6C8-4FD4-BD45-F1151D9D64F6}"
EndProject
Project("{FAE04EC0-301F-11D3-BF4B-00C04F79EFBC}") = "SqlMigrationValidator.Cli", "SqlMigrationValidator.Cli\SqlMigrationValidator.Cli.csproj", "{4BE1B25E-F748-461C-AD7F-DDCEA4F12C4C}"
EndProject
Project("{FAE04EC0-301F-11D3-BF4B-00C04F79EFBC}") = "SqlMigrationValidator.MSBuildTask", "SqlMigrationValidator.MSBuildTask\SqlMigrationValidator.MSBuildTask.csproj", "{6057951E-E513-4222-A55A-F7392ECCB19A}"
EndProject
Project("{FAE04EC0-301F-11D3-BF4B-00C04F79EFBC}") = "SqlMigrationValidator.Consumer", "SqlMigrationValidator.Consumer\SqlMigrationValidator.Consumer.csproj", "{FCF3B836-0C88-4D48-B5D7-DD6CF92C1B47}"
EndProject
Project("{FAE04EC0-301F-11D3-BF4B-00C04F79EFBC}") = "SqlMigrationValidator.Analyzer", "SqlMigrationValidator.Analyzer\SqlMigrationValidator.Analyzer.csproj", "{EE319FED-12C1-406E-B545-49A23DFE0934}"
EndProject
Global
	GlobalSection(SolutionConfigurationPlatforms) = preSolution
		Debug|Any CPU = Debug|Any CPU
		Debug|x64 = Debug|x64
		Debug|x86 = Debug|x86
		Release|Any CPU = Release|Any CPU
		Release|x64 = Release|x64
		Release|x86 = Release|x86
	EndGlobalSection
	GlobalSection(ProjectConfigurationPlatforms) = postSolution
		{73D3DF1E-A6C8-4FD4-BD45-F1151D9D64F6}.Debug|Any CPU.ActiveCfg = Debug|Any CPU
		{73D3DF1E-A6C8-4FD4-BD45-F1151D9D64F6}.Debug|Any CPU.Build.0 = Debug|Any CPU
		{73D3DF1E-A6C8-4FD4-BD45-F1151D9D64F6}.Debug|x64.ActiveCfg = Debug|Any CPU
		{73D3DF1E-A6C8-4FD4-BD45-F1151D9D64F6}.Debug|x64.Build.0 = Debug|Any CPU
		{73D3DF1E-A6C8-4FD4-BD45-F1151D9D64F6}.Debug|x86.ActiveCfg = Debug|Any CPU
		{73D3DF1E-A6C8-4FD4-BD45-F1151D9D64F6}.Debug|x86.Build.0 = Debug|Any CPU
		{73D3DF1E-A6C8-4FD4-BD45-F1151D9D64F6}.Release|Any CPU.ActiveCfg = Release|Any CPU
		{73D3DF1E-A6C8-4FD4-BD45-F1151D9D64F6}.Release|Any CPU.Build.0 = Release|Any CPU
		{73D3DF1E-A6C8-4FD4-BD45-F1151D9D64F6}.Release|x64.ActiveCfg = Release|Any CPU
		{73D3DF1E-A6C8-4FD4-BD45-F1151D9D64F6}.Release|x64.Build.0 = Release|Any CPU
		{73D3DF1E-A6C8-4FD4-BD45-F1151D9D64F6}.Release|x86.ActiveCfg = Release|Any CPU
		{73D3DF1E-A6C8-4FD4-BD45-F1151D9D64F6}.Release|x86.Build.0 = Release|Any CPU
		{4BE1B25E-F748-461C-AD7F-DDCEA4F12C4C}.Debug|Any CPU.ActiveCfg = Debug|Any CPU
		{4BE1B25E-F748-461C-AD7F-DDCEA4F12C4C}.Debug|Any CPU.Build.0 = Debug|Any CPU
		{4BE1B25E-F748-461C-AD7F-DDCEA4F12C4C}.Debug|x64.ActiveCfg = Debug|Any CPU
		{4BE1B25E-F748-461C-AD7F-DDCEA4F12C4C}.Debug|x64.Build.0 = Debug|Any CPU
		{4BE1B25E-F748-461C-AD7F-DDCEA4F12C4C}.Debug|x86.ActiveCfg = Debug|Any CPU
		{4BE1B25E-F748-461C-AD7F-DDCEA4F12C4C}.Debug|x86.Build.0 = Debug|Any CPU
		{4BE1B25E-F748-461C-AD7F-DDCEA4F12C4C}.Release|Any CPU.ActiveCfg = Release|Any CPU
		{4BE1B25E-F748-461C-AD7F-DDCEA4F12C4C}.Release|Any CPU.Build.0 = Release|Any CPU
		{4BE1B25E-F748-461C-AD7F-DDCEA4F12C4C}.Release|x64.ActiveCfg = Release|Any CPU
		{4BE1B25E-F748-461C-AD7F-DDCEA4F12C4C}.Release|x64.Build.0 = Release|Any CPU
		{4BE1B25E-F748-461C-AD7F-DDCEA4F12C4C}.Release|x86.ActiveCfg = Release|Any CPU
		{4BE1B25E-F748-461C-AD7F-DDCEA4F12C4C}.Release|x86.Build.0 = Release|Any CPU
		{6057951E-E513-4222-A55A-F7392ECCB19A}.Debug|Any CPU.ActiveCfg = Debug|Any CPU
		{6057951E-E513-4222-A55A-F7392ECCB19A}.Debug|Any CPU.Build.0 = Debug|Any CPU
		{6057951E-E513-4222-A55A-F7392ECCB19A}.Debug|x64.ActiveCfg = Debug|Any CPU
		{6057951E-E513-4222-A55A-F7392ECCB19A}.Debug|x64.Build.0 = Debug|Any CPU
		{6057951E-E513-4222-A55A-F7392ECCB19A}.Debug|x86.ActiveCfg = Debug|Any CPU
		{6057951E-E513-4222-A55A-F7392ECCB19A}.Debug|x86.Build.0 = Debug|Any CPU
		{6057951E-E513-4222-A55A-F7392ECCB19A}.Release|Any CPU.ActiveCfg = Release|Any CPU
		{6057951E-E513-4222-A55A-F7392ECCB19A}.Release|Any CPU.Build.0 = Release|Any CPU
		{6057951E-E513-4222-A55A-F7392ECCB19A}.Release|x64.ActiveCfg = Release|Any CPU
		{6057951E-E513-4222-A55A-F7392ECCB19A}.Release|x64.Build.0 = Release|Any CPU
		{6057951E-E513-4222-A55A-F7392ECCB19A}.Release|x86.ActiveCfg = Release|Any CPU
		{6057951E-E513-4222-A55A-F7392ECCB19A}.Release|x86.Build.0 = Release|Any CPU
		{FCF3B836-0C88-4D48-B5D7-DD6CF92C1B47}.Debug|Any CPU.ActiveCfg = Debug|Any CPU
		{FCF3B836-0C88-4D48-B5D7-DD6CF92C1B47}.Debug|Any CPU.Build.0 = Debug|Any CPU
		{FCF3B836-0C88-4D48-B5D7-DD6CF92C1B47}.Debug|x64.ActiveCfg = Debug|Any CPU
		{FCF3B836-0C88-4D48-B5D7-DD6CF92C1B47}.Debug|x64.Build.0 = Debug|Any CPU
		{FCF3B836-0C88-4D48-B5D7-DD6CF92C1B47}.Debug|x86.ActiveCfg = Debug|Any CPU
		{FCF3B836-0C88-4D48-B5D7-DD6CF92C1B47}.Debug|x86.Build.0 = Debug|Any CPU
		{FCF3B836-0C88-4D48-B5D7-DD6CF92C1B47}.Release|Any CPU.ActiveCfg = Release|Any CPU
		{FCF3B836-0C88-4D48-B5D7-DD6CF92C1B47}.Release|Any CPU.Build.0 = Release|Any CPU
		{FCF3B836-0C88-4D48-B5D7-DD6CF92C1B47}.Release|x64.ActiveCfg = Release|Any CPU
		{FCF3B836-0C88-4D48-B5D7-DD6CF92C1B47}.Release|x64.Build.0 = Release|Any CPU
		{FCF3B836-0C88-4D48-B5D7-DD6CF92C1B47}.Release|x86.ActiveCfg = Release|Any CPU
		{FCF3B836-0C88-4D48-B5D7-DD6CF92C1B47}.Release|x86.Build.0 = Release|Any CPU
		{EE319FED-12C1-406E-B545-49A23DFE0934}.Debug|Any CPU.ActiveCfg = Debug|Any CPU
		{EE319FED-12C1-406E-B545-49A23DFE0934}.Debug|Any CPU.Build.0 = Debug|Any CPU
		{EE319FED-12C1-406E-B545-49A23DFE0934}.Debug|x64.ActiveCfg = Debug|Any CPU
		{EE319FED-12C1-406E-B545-49A23DFE0934}.Debug|x64.Build.0 = Debug|Any CPU
		{EE319FED-12C1-406E-B545-49A23DFE0934}.Debug|x86.ActiveCfg = Debug|Any CPU
		{EE319FED-12C1-406E-B545-49A23DFE0934}.Debug|x86.Build.0 = Debug|Any CPU
		{EE319FED-12C1-406E-B545-49A23DFE0934}.Release|Any CPU.ActiveCfg = Release|Any CPU
		{EE319FED-12C1-406E-B545-49A23DFE0934}.Release|Any CPU.Build.0 = Release|Any CPU
		{EE319FED-12C1-406E-B545-49A23DFE0934}.Release|x64.ActiveCfg = Release|Any CPU
		{EE319FED-12C1-406E-B545-49A23DFE0934}.Release|x64.Build.0 = Release|Any CPU
		{EE319FED-12C1-406E-B545-49A23DFE0934}.Release|x86.ActiveCfg = Release|Any CPU
		{EE319FED-12C1-406E-B545-49A23DFE0934}.Release|x86.Build.0 = Release|Any CPU
	EndGlobalSection
	GlobalSection(SolutionProperties) = preSolution
		HideSolutionNode = FALSE
	EndGlobalSection
	GlobalSection(ExtensibilityGlobals) = postSolution
		SolutionGuid = {6023DE0E-7E0A-4B44-BBF6-D8732BB7E8D6}
	EndGlobalSection
EndGlobal
